
Microsoft Visual Studio Solution File, Format Version 12.00
# Visual Studio Version 17
VisualStudioVersion = 17.13.35806.99
MinimumVisualStudioVersion = 10.0.40219.1
Project("{FAE04EC0-301F-11D3-BF4B-00C04F79EFBC}") = "TccSite.Web", "TccSite\TccSite.Web.csproj", "{90053E48-A007-413A-8501-87FE405F5213}"
EndProject
Project("{FAE04EC0-301F-11D3-BF4B-00C04F79EFBC}") = "TCCAPIESP32", "TCCAPIESP32\TCCAPIESP32.csproj", "{BE872C64-758A-4B24-B3D2-288614F71126}"
EndProject
Project("{FAE04EC0-301F-11D3-BF4B-00C04F79EFBC}") = "TccSite.Application", "TccSite.Application\TccSite.Application.csproj", "{DC95497F-E4E5-4DF8-A742-224F714203E9}"
EndProject
Project("{FAE04EC0-301F-11D3-BF4B-00C04F79EFBC}") = "TccSite.Domain", "TccSite.Domain\TccSite.Domain.csproj", "{B5FDC372-1804-449C-B547-F01871D818D1}"
EndProject
Project("{FAE04EC0-301F-11D3-BF4B-00C04F79EFBC}") = "TccSite.Infrastructure", "TccSite.Infrastructure\TccSite.Infrastructure.csproj", "{6F856615-9DB4-4260-B414-4579EBF260C7}"
EndProject
Project("{2150E333-8FDC-42A3-9474-1A3956D46DE8}") = "TccSiteWeb", "TccSiteWeb", "{02EA681E-C7D8-13C7-8484-4AC65E1B71E8}"
EndProject
Project("{2150E333-8FDC-42A3-9474-1A3956D46DE8}") = "TccAPI", "TccAPI", "{F5017634-3C35-4794-A949-D47B4F67C8BA}"
EndProject
Project("{FAE04EC0-301F-11D3-BF4B-00C04F79EFBC}") = "TCCAPIESP32.Infrastructure", "TCCAPIESP32.Infrastructure\TCCAPIESP32.Infrastructure.csproj", "{0899E44E-E218-4EA9-B22C-4AF31F82D465}"
EndProject
Project("{FAE04EC0-301F-11D3-BF4B-00C04F79EFBC}") = "TCCAPIESP32.Application", "TCCAPIESP32.Application\TCCAPIESP32.Application.csproj", "{CF4F9735-6D99-45B9-8C46-D1DBB6901340}"
EndProject
Global
	GlobalSection(SolutionConfigurationPlatforms) = preSolution
		Debug|Any CPU = Debug|Any CPU
		Release|Any CPU = Release|Any CPU
	EndGlobalSection
	GlobalSection(ProjectConfigurationPlatforms) = postSolution
		{90053E48-A007-413A-8501-87FE405F5213}.Debug|Any CPU.ActiveCfg = Debug|Any CPU
		{90053E48-A007-413A-8501-87FE405F5213}.Debug|Any CPU.Build.0 = Debug|Any CPU
		{90053E48-A007-413A-8501-87FE405F5213}.Release|Any CPU.ActiveCfg = Release|Any CPU
		{90053E48-A007-413A-8501-87FE405F5213}.Release|Any CPU.Build.0 = Release|Any CPU
		{BE872C64-758A-4B24-B3D2-288614F71126}.Debug|Any CPU.ActiveCfg = Debug|Any CPU
		{BE872C64-758A-4B24-B3D2-288614F71126}.Debug|Any CPU.Build.0 = Debug|Any CPU
		{BE872C64-758A-4B24-B3D2-288614F71126}.Release|Any CPU.ActiveCfg = Release|Any CPU
		{BE872C64-758A-4B24-B3D2-288614F71126}.Release|Any CPU.Build.0 = Release|Any CPU
		{DC95497F-E4E5-4DF8-A742-224F714203E9}.Debug|Any CPU.ActiveCfg = Debug|Any CPU
		{DC95497F-E4E5-4DF8-A742-224F714203E9}.Debug|Any CPU.Build.0 = Debug|Any CPU
		{DC95497F-E4E5-4DF8-A742-224F714203E9}.Release|Any CPU.ActiveCfg = Release|Any CPU
		{DC95497F-E4E5-4DF8-A742-224F714203E9}.Release|Any CPU.Build.0 = Release|Any CPU
		{B5FDC372-1804-449C-B547-F01871D818D1}.Debug|Any CPU.ActiveCfg = Debug|Any CPU
		{B5FDC372-1804-449C-B547-F01871D818D1}.Debug|Any CPU.Build.0 = Debug|Any CPU
		{B5FDC372-1804-449C-B547-F01871D818D1}.Release|Any CPU.ActiveCfg = Release|Any CPU
		{B5FDC372-1804-449C-B547-F01871D818D1}.Release|Any CPU.Build.0 = Release|Any CPU
		{6F856615-9DB4-4260-B414-4579EBF260C7}.Debug|Any CPU.ActiveCfg = Debug|Any CPU
		{6F856615-9DB4-4260-B414-4579EBF260C7}.Debug|Any CPU.Build.0 = Debug|Any CPU
		{6F856615-9DB4-4260-B414-4579EBF260C7}.Release|Any CPU.ActiveCfg = Release|Any CPU
		{6F856615-9DB4-4260-B414-4579EBF260C7}.Release|Any CPU.Build.0 = Release|Any CPU
		{0899E44E-E218-4EA9-B22C-4AF31F82D465}.Debug|Any CPU.ActiveCfg = Debug|Any CPU
		{0899E44E-E218-4EA9-B22C-4AF31F82D465}.Debug|Any CPU.Build.0 = Debug|Any CPU
		{0899E44E-E218-4EA9-B22C-4AF31F82D465}.Release|Any CPU.ActiveCfg = Release|Any CPU
		{0899E44E-E218-4EA9-B22C-4AF31F82D465}.Release|Any CPU.Build.0 = Release|Any CPU
		{CF4F9735-6D99-45B9-8C46-D1DBB6901340}.Debug|Any CPU.ActiveCfg = Debug|Any CPU
		{CF4F9735-6D99-45B9-8C46-D1DBB6901340}.Debug|Any CPU.Build.0 = Debug|Any CPU
		{CF4F9735-6D99-45B9-8C46-D1DBB6901340}.Release|Any CPU.ActiveCfg = Release|Any CPU
		{CF4F9735-6D99-45B9-8C46-D1DBB6901340}.Release|Any CPU.Build.0 = Release|Any CPU
	EndGlobalSection
	GlobalSection(SolutionProperties) = preSolution
		HideSolutionNode = FALSE
	EndGlobalSection
	GlobalSection(NestedProjects) = preSolution
		{90053E48-A007-413A-8501-87FE405F5213} = {02EA681E-C7D8-13C7-8484-4AC65E1B71E8}
		{BE872C64-758A-4B24-B3D2-288614F71126} = {F5017634-3C35-4794-A949-D47B4F67C8BA}
		{DC95497F-E4E5-4DF8-A742-224F714203E9} = {02EA681E-C7D8-13C7-8484-4AC65E1B71E8}
		{B5FDC372-1804-449C-B547-F01871D818D1} = {02EA681E-C7D8-13C7-8484-4AC65E1B71E8}
		{6F856615-9DB4-4260-B414-4579EBF260C7} = {02EA681E-C7D8-13C7-8484-4AC65E1B71E8}
		{0899E44E-E218-4EA9-B22C-4AF31F82D465} = {F5017634-3C35-4794-A949-D47B4F67C8BA}
		{CF4F9735-6D99-45B9-8C46-D1DBB6901340} = {F5017634-3C35-4794-A949-D47B4F67C8BA}
	EndGlobalSection
	GlobalSection(ExtensibilityGlobals) = postSolution
		SolutionGuid = {65B4E2FD-1BED-4355-AC38-E965A4CA5130}
	EndGlobalSection
EndGlobal
